<?xml version="1.0" encoding="utf-8"?>
<Project ToolsVersion="4.0" xmlns="http://schemas.microsoft.com/developer/msbuild/2003">
  <ItemGroup>
    <ClCompile Include="..\..\src\omnicoreApi.cpp" />
    <ClCompile Include="..\..\src\bitcoind.cpp" />
    <ClCompile Include="..\..\src\omnicore\activation.cpp" />
    <ClCompile Include="..\..\src\omnicore\consensushash.cpp" />
    <ClCompile Include="..\..\src\omnicore\convert.cpp" />
    <ClCompile Include="..\..\src\omnicore\createpayload.cpp" />
    <ClCompile Include="..\..\src\omnicore\createtx.cpp" />
    <ClCompile Include="..\..\src\omnicore\dbbase.cpp" />
    <ClCompile Include="..\..\src\omnicore\dbBlockHistory.cpp" />
    <ClCompile Include="..\..\src\omnicore\dbfees.cpp" />
    <ClCompile Include="..\..\src\omnicore\dbTxHistory.cpp" />
    <ClCompile Include="..\..\src\omnicore\dbspinfo.cpp" />
    <ClCompile Include="..\..\src\omnicore\dbstolist.cpp" />
    <ClCompile Include="..\..\src\omnicore\dbtradelist.cpp" />
    <ClCompile Include="..\..\src\omnicore\dbtransaction.cpp" />
    <ClCompile Include="..\..\src\omnicore\dbtxlist.cpp" />
    <ClCompile Include="..\..\src\omnicore\dex.cpp" />
    <ClCompile Include="..\..\src\omnicore\encoding.cpp" />
    <ClCompile Include="..\..\src\omnicore\log.cpp" />
    <ClCompile Include="..\..\src\omnicore\mdex.cpp" />
    <ClCompile Include="..\..\src\omnicore\notifications.cpp" />
    <ClCompile Include="..\..\src\omnicore\omnicore.cpp" />
    <ClCompile Include="..\..\src\omnicore\parse_string.cpp" />
    <ClCompile Include="..\..\src\omnicore\parsing.cpp" />
    <ClCompile Include="..\..\src\omnicore\pending.cpp" />
    <ClCompile Include="..\..\src\omnicore\persistence.cpp" />
    <ClCompile Include="..\..\src\omnicore\rpc.cpp" />
    <ClCompile Include="..\..\src\omnicore\rpcmbstring.cpp" />
    <ClCompile Include="..\..\src\omnicore\rpcpayload.cpp" />
    <ClCompile Include="..\..\src\omnicore\rpcrawtx.cpp" />
    <ClCompile Include="..\..\src\omnicore\rpcrequirements.cpp" />
    <ClCompile Include="..\..\src\omnicore\rpctx.cpp" />
    <ClCompile Include="..\..\src\omnicore\rpctxobject.cpp" />
    <ClCompile Include="..\..\src\omnicore\rpcvalues.cpp" />
    <ClCompile Include="..\..\src\omnicore\rules.cpp" />
    <ClCompile Include="..\..\src\omnicore\script.cpp" />
    <ClCompile Include="..\..\src\omnicore\seedblocks.cpp" />
    <ClCompile Include="..\..\src\omnicore\sp.cpp" />
    <ClCompile Include="..\..\src\omnicore\sto.cpp" />
    <ClCompile Include="..\..\src\omnicore\tally.cpp" />
    <ClCompile Include="..\..\src\omnicore\tx.cpp" />
    <ClCompile Include="..\..\src\omnicore\utilsbitcoin.cpp" />
    <ClCompile Include="..\..\src\omnicore\utilsui.cpp" />
    <ClCompile Include="..\..\src\omnicore\version.cpp" />
    <ClCompile Include="..\..\src\omnicore\walletcache.cpp" />
    <ClCompile Include="..\..\src\omnicore\walletfetchtxs.cpp" />
    <ClCompile Include="..\..\src\omnicore\wallettxbuilder.cpp" />
    <ClCompile Include="..\..\src\omnicore\walletutils.cpp" />
    <ClCompile Include="..\..\src\OmniThread\WnEvent.cpp">
      <Filter>OmniThread</Filter>
    </ClCompile>
    <ClCompile Include="..\..\src\OmniThread\WnLock.cpp">
      <Filter>OmniThread</Filter>
    </ClCompile>
    <ClCompile Include="..\..\src\OmniThread\WnScopedLock.cpp">
      <Filter>OmniThread</Filter>
    </ClCompile>
    <ClCompile Include="..\..\src\OmniThread\OmniThread.cpp">
      <Filter>OmniThread</Filter>
    </ClCompile>
    <ClCompile Include="..\..\src\omnicore\dbLocalInfo.cpp" />
    <ClCompile Include="..\..\src\omnicore\rpcagreement.cpp" />
    <ClCompile Include="..\..\src\omnicore\omniHelper.cpp" />
    <ClCompile Include="..\..\src\omnicore\dbagreementtradelist.cpp" />
  </ItemGroup>
  <ItemGroup>
    <ClInclude Include="..\..\src\omnicoreApi.h" />
    <ClInclude Include="..\..\src\omnicore\dbBlockHistory.h" />
    <ClInclude Include="..\..\src\omnicore\dbTxHistory.h" />
    <ClInclude Include="..\..\src\omnicore\errors.h" />
    <ClInclude Include="..\..\src\omnicore\tx.h" />
    <ClInclude Include="..\..\src\OmniThread\DataHandler.h">
      <Filter>OmniThread</Filter>
    </ClInclude>
    <ClInclude Include="..\..\src\OmniThread\WnEvent.h">
      <Filter>OmniThread</Filter>
    </ClInclude>
    <ClInclude Include="..\..\src\OmniThread\WnLock.h">
      <Filter>OmniThread</Filter>
    </ClInclude>
    <ClInclude Include="..\..\src\OmniThread\WnQueue.h">
      <Filter>OmniThread</Filter>
    </ClInclude>
    <ClInclude Include="..\..\src\OmniThread\WnScopedLock.h">
      <Filter>OmniThread</Filter>
    </ClInclude>
    <ClInclude Include="..\..\src\OmniThread\OmniThread.h">
      <Filter>OmniThread</Filter>
    </ClInclude>
    <ClInclude Include="..\..\src\OmniThread\OmniInc.h">
      <Filter>OmniThread</Filter>
    </ClInclude>
    <ClInclude Include="..\..\src\omnicore\omnicore.h" />
    <ClInclude Include="..\..\src\omnicore\persistence.h" />
    <ClInclude Include="..\..\src\omnicore\dbLocalInfo.h" />
    <ClInclude Include="..\..\src\rpc\register.h" />
    <ClInclude Include="..\..\src\omnicore\rpcagreement.h" />
    <ClInclude Include="..\..\src\omnicore\omniHelper.h" />
    <ClInclude Include="..\..\src\omnicore\dbagreementtradelist.h" />
  </ItemGroup>
  <ItemGroup>
    <Filter Include="OmniThread">
      <UniqueIdentifier>{e4d66506-7a24-4d10-8476-3d4fb134e23e}</UniqueIdentifier>
    </Filter>
  </ItemGroup>
</Project>